
Microsoft Visual Studio Solution File, Format Version 12.00
# Visual Studio Version 16
VisualStudioVersion = 16.0.30711.63
MinimumVisualStudioVersion = 10.0.40219.1
Project("{FAE04EC0-301F-11D3-BF4B-00C04F79EFBC}") = "xml", "xml\xml.csproj", "{7A92A23A-DFF3-4469-8150-3D7CAEDA55BB}"
EndProject
Global
	GlobalSection(SolutionConfigurationPlatforms) = preSolution
		Debug|Any CPU = Debug|Any CPU
		Release|Any CPU = Release|Any CPU
	EndGlobalSection
	GlobalSection(ProjectConfigurationPlatforms) = postSolution
		{7A92A23A-DFF3-4469-8150-3D7CAEDA55BB}.Debug|Any CPU.ActiveCfg = Debug|Any CPU
		{7A92A23A-DFF3-4469-8150-3D7CAEDA55BB}.Debug|Any CPU.Build.0 = Debug|Any CPU
		{7A92A23A-DFF3-4469-8150-3D7CAEDA55BB}.Release|Any CPU.ActiveCfg = Release|Any CPU
		{7A92A23A-DFF3-4469-8150-3D7CAEDA55BB}.Release|Any CPU.Build.0 = Release|Any CPU
	EndGlobalSection
	GlobalSection(SolutionProperties) = preSolution
		HideSolutionNode = FALSE
	EndGlobalSection
	GlobalSection(ExtensibilityGlobals) = postSolution
		SolutionGuid = {6DDEE841-6104-4B8C-B9D7-32A67D223EDB}
	EndGlobalSection
EndGlobal
